
Microsoft Visual Studio Solution File, Format Version 12.00
# Visual Studio 14
VisualStudioVersion = 14.0.25420.1
MinimumVisualStudioVersion = 10.0.40219.1
Project("{2150E333-8FDC-42A3-9474-1A3956D46DE8}") = "src", "src", "{E9BB6ACB-B501-4119-9585-2184046073E9}"
EndProject
Project("{2150E333-8FDC-42A3-9474-1A3956D46DE8}") = "server", "server", "{54213A7C-02DA-477C-9A01-58FEF3BC007B}"
EndProject
Project("{2150E333-8FDC-42A3-9474-1A3956D46DE8}") = "core", "core", "{06FAAF7F-6722-4B9D-986D-023AE6238F77}"
EndProject
Project("{2150E333-8FDC-42A3-9474-1A3956D46DE8}") = "infrastructure", "infrastructure", "{5E99B834-3242-49F6-BBC2-96967206686D}"
EndProject
Project("{8BB2217D-0F2D-49D1-97BC-3654ED321F3B}") = "EvenStock.Server.Core", "server\core\EvenStock.Server.Core\EvenStock.Server.Core.xproj", "{89456A85-B4C5-4BC7-B594-D56A9BF4D784}"
EndProject
Project("{F2A71F9B-5D33-465A-A702-920D77279786}") = "EvenStock.Server.Core.Contracts", "server\core\EvenStock.Server.Core.Contracts\EvenStock.Server.Core.Contracts.fsproj", "{59BE0679-4E58-4468-9D6B-5F995FA2C978}"
EndProject
Project("{F2A71F9B-5D33-465A-A702-920D77279786}") = "EvenStock.Server.Core.Domain", "server\core\EvenStock.Server.Core.Domain\EvenStock.Server.Core.Domain.fsproj", "{0FC06A12-1628-4D75-AF0D-4E1F4C052249}"
EndProject
Project("{2150E333-8FDC-42A3-9474-1A3956D46DE8}") = "tests", "tests", "{A74B9596-D187-49AF-9C98-8DB1AC104FF8}"
EndProject
Project("{FAE04EC0-301F-11D3-BF4B-00C04F79EFBC}") = "EvenStock.Server.Infra", "server\infrastructure\EvenStock.Server.Infra\EvenStock.Server.Infra.csproj", "{B68C02F1-AC00-4E62-A032-3A43C3DD82BF}"
EndProject
Project("{FAE04EC0-301F-11D3-BF4B-00C04F79EFBC}") = "EvenStock.Server.DepResolution", "server\EvenStock.Server.DepResolution\EvenStock.Server.DepResolution.csproj", "{C6265E94-62D6-4D87-87DC-9ECBBBEA1017}"
EndProject
Global
	GlobalSection(SolutionConfigurationPlatforms) = preSolution
		Debug|Any CPU = Debug|Any CPU
		Release|Any CPU = Release|Any CPU
	EndGlobalSection
	GlobalSection(ProjectConfigurationPlatforms) = postSolution
		{89456A85-B4C5-4BC7-B594-D56A9BF4D784}.Debug|Any CPU.ActiveCfg = Debug|Any CPU
		{89456A85-B4C5-4BC7-B594-D56A9BF4D784}.Debug|Any CPU.Build.0 = Debug|Any CPU
		{89456A85-B4C5-4BC7-B594-D56A9BF4D784}.Release|Any CPU.ActiveCfg = Release|Any CPU
		{89456A85-B4C5-4BC7-B594-D56A9BF4D784}.Release|Any CPU.Build.0 = Release|Any CPU
		{59BE0679-4E58-4468-9D6B-5F995FA2C978}.Debug|Any CPU.ActiveCfg = Debug|Any CPU
		{59BE0679-4E58-4468-9D6B-5F995FA2C978}.Debug|Any CPU.Build.0 = Debug|Any CPU
		{59BE0679-4E58-4468-9D6B-5F995FA2C978}.Release|Any CPU.ActiveCfg = Release|Any CPU
		{59BE0679-4E58-4468-9D6B-5F995FA2C978}.Release|Any CPU.Build.0 = Release|Any CPU
		{0FC06A12-1628-4D75-AF0D-4E1F4C052249}.Debug|Any CPU.ActiveCfg = Debug|Any CPU
		{0FC06A12-1628-4D75-AF0D-4E1F4C052249}.Debug|Any CPU.Build.0 = Debug|Any CPU
		{0FC06A12-1628-4D75-AF0D-4E1F4C052249}.Release|Any CPU.ActiveCfg = Release|Any CPU
		{0FC06A12-1628-4D75-AF0D-4E1F4C052249}.Release|Any CPU.Build.0 = Release|Any CPU
		{B68C02F1-AC00-4E62-A032-3A43C3DD82BF}.Debug|Any CPU.ActiveCfg = Debug|Any CPU
		{B68C02F1-AC00-4E62-A032-3A43C3DD82BF}.Debug|Any CPU.Build.0 = Debug|Any CPU
		{B68C02F1-AC00-4E62-A032-3A43C3DD82BF}.Release|Any CPU.ActiveCfg = Release|Any CPU
		{B68C02F1-AC00-4E62-A032-3A43C3DD82BF}.Release|Any CPU.Build.0 = Release|Any CPU
		{C6265E94-62D6-4D87-87DC-9ECBBBEA1017}.Debug|Any CPU.ActiveCfg = Debug|Any CPU
		{C6265E94-62D6-4D87-87DC-9ECBBBEA1017}.Debug|Any CPU.Build.0 = Debug|Any CPU
		{C6265E94-62D6-4D87-87DC-9ECBBBEA1017}.Release|Any CPU.ActiveCfg = Release|Any CPU
		{C6265E94-62D6-4D87-87DC-9ECBBBEA1017}.Release|Any CPU.Build.0 = Release|Any CPU
	EndGlobalSection
	GlobalSection(SolutionProperties) = preSolution
		HideSolutionNode = FALSE
	EndGlobalSection
	GlobalSection(NestedProjects) = preSolution
		{54213A7C-02DA-477C-9A01-58FEF3BC007B} = {E9BB6ACB-B501-4119-9585-2184046073E9}
		{06FAAF7F-6722-4B9D-986D-023AE6238F77} = {54213A7C-02DA-477C-9A01-58FEF3BC007B}
		{5E99B834-3242-49F6-BBC2-96967206686D} = {54213A7C-02DA-477C-9A01-58FEF3BC007B}
		{89456A85-B4C5-4BC7-B594-D56A9BF4D784} = {06FAAF7F-6722-4B9D-986D-023AE6238F77}
		{59BE0679-4E58-4468-9D6B-5F995FA2C978} = {06FAAF7F-6722-4B9D-986D-023AE6238F77}
		{0FC06A12-1628-4D75-AF0D-4E1F4C052249} = {06FAAF7F-6722-4B9D-986D-023AE6238F77}
		{B68C02F1-AC00-4E62-A032-3A43C3DD82BF} = {5E99B834-3242-49F6-BBC2-96967206686D}
		{C6265E94-62D6-4D87-87DC-9ECBBBEA1017} = {54213A7C-02DA-477C-9A01-58FEF3BC007B}
	EndGlobalSection
EndGlobal
